
Microsoft Visual Studio Solution File, Format Version 12.00
Project("{FAE04EC0-301F-11D3-BF4B-00C04F79EFBC}") = "Playground.Presentation", "Playground.Presentation\Playground.Presentation.csproj", "{57B21878-2632-4EBC-A9C0-A89827323841}"
EndProject
Project("{FAE04EC0-301F-11D3-BF4B-00C04F79EFBC}") = "Core.Persistence", "Core.Persistence\Core.Persistence.csproj", "{51352B71-B2E3-4E63-ABB1-33F729E41939}"
EndProject
Project("{FAE04EC0-301F-11D3-BF4B-00C04F79EFBC}") = "Core.BPM", "Core.BPM\Core.BPM.csproj", "{14701BEF-21E0-4C78-8989-F893D9DD95F3}"
EndProject
Project("{FAE04EC0-301F-11D3-BF4B-00C04F79EFBC}") = "Core.BPM.MediatR", "Core.BPM.MediatR\Core.BPM.MediatR.csproj", "{E1A71641-B130-40B7-A06C-6FD8D87DEED1}"
EndProject
Project("{2150E333-8FDC-42A3-9474-1A3956D46DE8}") = "Clients", "Clients", "{25B58FB8-9134-4FAE-A3EF-CE26792800FE}"
EndProject
Project("{FAE04EC0-301F-11D3-BF4B-00C04F79EFBC}") = "Credo.Core.Shared", "Credo.Core.Shared\Credo.Core.Shared.csproj", "{4691B78C-EF29-40E3-8D16-41A22C4494BF}"
EndProject
Project("{FAE04EC0-301F-11D3-BF4B-00C04F79EFBC}") = "MyCredo", "MyCredo\MyCredo.csproj", "{B8DAB619-93FA-4DFB-99E1-A28B26A54BB9}"
EndProject
Global
	GlobalSection(SolutionConfigurationPlatforms) = preSolution
		Debug|Any CPU = Debug|Any CPU
		Release|Any CPU = Release|Any CPU
	EndGlobalSection
	GlobalSection(ProjectConfigurationPlatforms) = postSolution
		{57B21878-2632-4EBC-A9C0-A89827323841}.Debug|Any CPU.ActiveCfg = Debug|Any CPU
		{57B21878-2632-4EBC-A9C0-A89827323841}.Debug|Any CPU.Build.0 = Debug|Any CPU
		{57B21878-2632-4EBC-A9C0-A89827323841}.Release|Any CPU.ActiveCfg = Release|Any CPU
		{57B21878-2632-4EBC-A9C0-A89827323841}.Release|Any CPU.Build.0 = Release|Any CPU
		{51352B71-B2E3-4E63-ABB1-33F729E41939}.Debug|Any CPU.ActiveCfg = Debug|Any CPU
		{51352B71-B2E3-4E63-ABB1-33F729E41939}.Debug|Any CPU.Build.0 = Debug|Any CPU
		{51352B71-B2E3-4E63-ABB1-33F729E41939}.Release|Any CPU.ActiveCfg = Release|Any CPU
		{51352B71-B2E3-4E63-ABB1-33F729E41939}.Release|Any CPU.Build.0 = Release|Any CPU
		{14701BEF-21E0-4C78-8989-F893D9DD95F3}.Debug|Any CPU.ActiveCfg = Debug|Any CPU
		{14701BEF-21E0-4C78-8989-F893D9DD95F3}.Debug|Any CPU.Build.0 = Debug|Any CPU
		{14701BEF-21E0-4C78-8989-F893D9DD95F3}.Release|Any CPU.ActiveCfg = Release|Any CPU
		{14701BEF-21E0-4C78-8989-F893D9DD95F3}.Release|Any CPU.Build.0 = Release|Any CPU
		{E1A71641-B130-40B7-A06C-6FD8D87DEED1}.Debug|Any CPU.ActiveCfg = Debug|Any CPU
		{E1A71641-B130-40B7-A06C-6FD8D87DEED1}.Debug|Any CPU.Build.0 = Debug|Any CPU
		{E1A71641-B130-40B7-A06C-6FD8D87DEED1}.Release|Any CPU.ActiveCfg = Release|Any CPU
		{E1A71641-B130-40B7-A06C-6FD8D87DEED1}.Release|Any CPU.Build.0 = Release|Any CPU
		{4691B78C-EF29-40E3-8D16-41A22C4494BF}.Debug|Any CPU.ActiveCfg = Debug|Any CPU
		{4691B78C-EF29-40E3-8D16-41A22C4494BF}.Debug|Any CPU.Build.0 = Debug|Any CPU
		{4691B78C-EF29-40E3-8D16-41A22C4494BF}.Release|Any CPU.ActiveCfg = Release|Any CPU
		{4691B78C-EF29-40E3-8D16-41A22C4494BF}.Release|Any CPU.Build.0 = Release|Any CPU
		{B8DAB619-93FA-4DFB-99E1-A28B26A54BB9}.Debug|Any CPU.ActiveCfg = Debug|Any CPU
		{B8DAB619-93FA-4DFB-99E1-A28B26A54BB9}.Debug|Any CPU.Build.0 = Debug|Any CPU
		{B8DAB619-93FA-4DFB-99E1-A28B26A54BB9}.Release|Any CPU.ActiveCfg = Release|Any CPU
		{B8DAB619-93FA-4DFB-99E1-A28B26A54BB9}.Release|Any CPU.Build.0 = Release|Any CPU
	EndGlobalSection
	GlobalSection(NestedProjects) = preSolution
		{57B21878-2632-4EBC-A9C0-A89827323841} = {25B58FB8-9134-4FAE-A3EF-CE26792800FE}
		{B8DAB619-93FA-4DFB-99E1-A28B26A54BB9} = {25B58FB8-9134-4FAE-A3EF-CE26792800FE}
	EndGlobalSection
EndGlobal
